
Microsoft Visual Studio Solution File, Format Version 12.00
# Visual Studio Version 17
VisualStudioVersion = 17.7.34031.279
MinimumVisualStudioVersion = 10.0.40219.1
Project("{FAE04EC0-301F-11D3-BF4B-00C04F79EFBC}") = "Set2 ex16", "Set2 ex16\Set2 ex16.csproj", "{EDBF730D-B2BC-41B0-B812-E911424B77D7}"
EndProject
Global
	GlobalSection(SolutionConfigurationPlatforms) = preSolution
		Debug|Any CPU = Debug|Any CPU
		Release|Any CPU = Release|Any CPU
	EndGlobalSection
	GlobalSection(ProjectConfigurationPlatforms) = postSolution
		{EDBF730D-B2BC-41B0-B812-E911424B77D7}.Debug|Any CPU.ActiveCfg = Debug|Any CPU
		{EDBF730D-B2BC-41B0-B812-E911424B77D7}.Debug|Any CPU.Build.0 = Debug|Any CPU
		{EDBF730D-B2BC-41B0-B812-E911424B77D7}.Release|Any CPU.ActiveCfg = Release|Any CPU
		{EDBF730D-B2BC-41B0-B812-E911424B77D7}.Release|Any CPU.Build.0 = Release|Any CPU
	EndGlobalSection
	GlobalSection(SolutionProperties) = preSolution
		HideSolutionNode = FALSE
	EndGlobalSection
	GlobalSection(ExtensibilityGlobals) = postSolution
		SolutionGuid = {DCB6AB18-046A-46F4-9BD1-089AF54017F0}
	EndGlobalSection
EndGlobal
